
Microsoft Visual Studio Solution File, Format Version 12.00
# Visual Studio Version 17
VisualStudioVersion = 17.9.34607.119
MinimumVisualStudioVersion = 10.0.40219.1
Project("{8BC9CEB8-8B4A-11D0-8D11-00A0C91BC942}") = "stackusinglinkedlist_0114", "stackusinglinkedlist_0114\stackusinglinkedlist_0114.vcxproj", "{912601B3-1603-42A8-992C-FC4D8559F806}"
EndProject
Global
	GlobalSection(SolutionConfigurationPlatforms) = preSolution
		Debug|x64 = Debug|x64
		Debug|x86 = Debug|x86
		Release|x64 = Release|x64
		Release|x86 = Release|x86
	EndGlobalSection
	GlobalSection(ProjectConfigurationPlatforms) = postSolution
		{912601B3-1603-42A8-992C-FC4D8559F806}.Debug|x64.ActiveCfg = Debug|x64
		{912601B3-1603-42A8-992C-FC4D8559F806}.Debug|x64.Build.0 = Debug|x64
		{912601B3-1603-42A8-992C-FC4D8559F806}.Debug|x86.ActiveCfg = Debug|Win32
		{912601B3-1603-42A8-992C-FC4D8559F806}.Debug|x86.Build.0 = Debug|Win32
		{912601B3-1603-42A8-992C-FC4D8559F806}.Release|x64.ActiveCfg = Release|x64
		{912601B3-1603-42A8-992C-FC4D8559F806}.Release|x64.Build.0 = Release|x64
		{912601B3-1603-42A8-992C-FC4D8559F806}.Release|x86.ActiveCfg = Release|Win32
		{912601B3-1603-42A8-992C-FC4D8559F806}.Release|x86.Build.0 = Release|Win32
	EndGlobalSection
	GlobalSection(SolutionProperties) = preSolution
		HideSolutionNode = FALSE
	EndGlobalSection
	GlobalSection(ExtensibilityGlobals) = postSolution
		SolutionGuid = {3AD75A4C-5739-44C4-B477-BA1B59C61016}
	EndGlobalSection
EndGlobal
